<Solution>
  <Project Path="EnterpriseEmployeeManagement.Application/EnterpriseEmployeeManagement.Application.csproj" />
  <Project Path="EnterpriseEmployeeManagement.Domain/EnterpriseEmployeeManagement.Domain.csproj" />
  <Project Path="EnterpriseEmployeeManagement.Infrastructure/EnterpriseEmployeeManagement.Infrastructure.csproj" />
  <Project Path="EnterpriseEmployeeManagement.WebApi/EnterpriseEmployeeManagement.WebApi.csproj" />
</Solution>
